// !$*UTF8*$!
{
	archiveVersion = 1;
	classes = {
	};
	objectVersion = 50;
	objects = {

/* Begin PBXBuildFile section */
		8629D6CA2347CBBF00560B88 /* AppDelegate.swift in Sources */ = {isa = PBXBuildFile; fileRef = 8629D6C92347CBBF00560B88 /* AppDelegate.swift */; };
		8629D6CC2347CBBF00560B88 /* SceneDelegate.swift in Sources */ = {isa = PBXBuildFile; fileRef = 8629D6CB2347CBBF00560B88 /* SceneDelegate.swift */; };
		8629D6CE2347CBBF00560B88 /* ViewController.swift in Sources */ = {isa = PBXBuildFile; fileRef = 8629D6CD2347CBBF00560B88 /* ViewController.swift */; };
		8629D6D12347CBBF00560B88 /* Main.storyboard in Resources */ = {isa = PBXBuildFile; fileRef = 8629D6CF2347CBBF00560B88 /* Main.storyboard */; };
		8629D6D32347CBC100560B88 /* Assets.xcassets in Resources */ = {isa = PBXBuildFile; fileRef = 8629D6D22347CBC100560B88 /* Assets.xcassets */; };
		8629D6D62347CBC100560B88 /* LaunchScreen.storyboard in Resources */ = {isa = PBXBuildFile; fileRef = 8629D6D42347CBC100560B88 /* LaunchScreen.storyboard */; };
		9007BD23442FF0FF6F2813AD /* Pods_CardViewUI.framework in Frameworks */ = {isa = PBXBuildFile; fileRef = 5E684337389BF57CE99C5612 /* Pods_CardViewUI.framework */; };
/* End PBXBuildFile section */

/* Begin PBXFileReference section */
		2B44A1B9CBFE53FFBBC20BB6 /* Pods-CardViewUI.debug.xcconfig */ = {isa = PBXFileReference; includeInIndex = 1; lastKnownFileType = text.xcconfig; name = "Pods-CardViewUI.debug.xcconfig"; path = "Target Support Files/Pods-CardViewUI/Pods-CardViewUI.debug.xcconfig"; sourceTree = "<group>"; };
		5E684337389BF57CE99C5612 /* Pods_CardViewUI.framework */ = {isa = PBXFileReference; explicitFileType = wrapper.framework; includeInIndex = 0; path = Pods_CardViewUI.framework; sourceTree = BUILT_PRODUCTS_DIR; };
		8629D6C62347CBBF00560B88 /* CardViewUI.app */ = {isa = PBXFileReference; explicitFileType = wrapper.application; includeInIndex = 0; path = CardViewUI.app; sourceTree = BUILT_PRODUCTS_DIR; };
		8629D6C92347CBBF00560B88 /* AppDelegate.swift */ = {isa = PBXFileReference; lastKnownFileType = sourcecode.swift; path = AppDelegate.swift; sourceTree = "<group>"; };
		8629D6CB2347CBBF00560B88 /* SceneDelegate.swift */ = {isa = PBXFileReference; lastKnownFileType = sourcecode.swift; path = SceneDelegate.swift; sourceTree = "<group>"; };
		8629D6CD2347CBBF00560B88 /* ViewController.swift */ = {isa = PBXFileReference; lastKnownFileType = sourcecode.swift; path = ViewController.swift; sourceTree = "<group>"; };
		8629D6D02347CBBF00560B88 /* Base */ = {isa = PBXFileReference; lastKnownFileType = file.storyboard; name = Base; path = Base.lproj/Main.storyboard; sourceTree = "<group>"; };
		8629D6D22347CBC100560B88 /* Assets.xcassets */ = {isa = PBXFileReference; lastKnownFileType = folder.assetcatalog; path = Assets.xcassets; sourceTree = "<group>"; };
		8629D6D52347CBC100560B88 /* Base */ = {isa = PBXFileReference; lastKnownFileType = file.storyboard; name = Base; path = Base.lproj/LaunchScreen.storyboard; sourceTree = "<group>"; };
		8629D6D72347CBC100560B88 /* Info.plist */ = {isa = PBXFileReference; lastKnownFileType = text.plist.xml; path = Info.plist; sourceTree = "<group>"; };
		E74DD2C3C19435D63EA60D3C /* Pods-CardViewUI.release.xcconfig */ = {isa = PBXFileReference; includeInIndex = 1; lastKnownFileType = text.xcconfig; name = "Pods-CardViewUI.release.xcconfig"; path = "Target Support Files/Pods-CardViewUI/Pods-CardViewUI.release.xcconfig"; sourceTree = "<group>"; };
/* End PBXFileReference section */

/* Begin PBXFrameworksBuildPhase section */
		8629D6C32347CBBE00560B88 /* Frameworks */ = {
			isa = PBXFrameworksBuildPhase;
			buildActionMask = 2147483647;
			files = (
				9007BD23442FF0FF6F2813AD /* Pods_CardViewUI.framework in Frameworks */,
			);
			runOnlyForDeploymentPostprocessing = 0;
		};
/* End PBXFrameworksBuildPhase section */

/* Begin PBXGroup section */
		345CC6DF51393F3FD6FD12AC /* Frameworks */ = {
			isa = PBXGroup;
			children = (
				5E684337389BF57CE99C5612 /* Pods_CardViewUI.framework */,
			);
			name = Frameworks;
			sourceTree = "<group>";
		};
		8629D6BD2347CBBE00560B88 = {
			isa = PBXGroup;
			children = (
				8629D6C82347CBBF00560B88 /* CardViewUI */,
				8629D6C72347CBBF00560B88 /* Products */,
				8CEC24B67747E990E4ADD4EB /* Pods */,
				345CC6DF51393F3FD6FD12AC /* Frameworks */,
			);
			sourceTree = "<group>";
		};
		8629D6C72347CBBF00560B88 /* Products */ = {
			isa = PBXGroup;
			children = (
				8629D6C62347CBBF00560B88 /* CardViewUI.app */,
			);
			name = Products;
			sourceTree = "<group>";
		};
		8629D6C82347CBBF00560B88 /* CardViewUI */ = {
			isa = PBXGroup;
			children = (
				8629D6C92347CBBF00560B88 /* AppDelegate.swift */,
				8629D6CB2347CBBF00560B88 /* SceneDelegate.swift */,
				8629D6CD2347CBBF00560B88 /* ViewController.swift */,
				8629D6CF2347CBBF00560B88 /* Main.storyboard */,
				8629D6D22347CBC100560B88 /* Assets.xcassets */,
				8629D6D42347CBC100560B88 /* LaunchScreen.storyboard */,
				8629D6D72347CBC100560B88 /* Info.plist */,
			);
			path = CardViewUI;
			sourceTree = "<group>";
		};
		8CEC24B67747E990E4ADD4EB /* Pods */ = {
			isa = PBXGroup;
			children = (
				2B44A1B9CBFE53FFBBC20BB6 /* Pods-CardViewUI.debug.xcconfig */,
				E74DD2C3C19435D63EA60D3C /* Pods-CardViewUI.release.xcconfig */,
			);
			name = Pods;
			path = Pods;
			sourceTree = "<group>";
		};
/* End PBXGroup section */

/* Begin PBXNativeTarget section */
		8629D6C52347CBBE00560B88 /* CardViewUI */ = {
			isa = PBXNativeTarget;
			buildConfigurationList = 8629D6DA2347CBC100560B88 /* Build configuration list for PBXNativeTarget "CardViewUI" */;
			buildPhases = (
				DF6809F13F93DD08E1CEBA0A /* [CP] Check Pods Manifest.lock */,
				8629D6C22347CBBE00560B88 /* Sources */,
				8629D6C32347CBBE00560B88 /* Frameworks */,
				8629D6C42347CBBE00560B88 /* Resources */,
				A4A5817F60D9137C9B5D6DC3 /* [CP] Embed Pods Frameworks */,
			);
			buildRules = (
			);
			dependencies = (
			);
			name = CardViewUI;
			productName = CardViewUI;
			productReference = 8629D6C62347CBBF00560B88 /* CardViewUI.app */;
			productType = "com.apple.product-type.application";
		};
/* End PBXNativeTarget section */

/* Begin PBXProject section */
		8629D6BE2347CBBE00560B88 /* Project object */ = {
			isa = PBXProject;
			attributes = {
				LastSwiftUpdateCheck = 1100;
				LastUpgradeCheck = 1100;
				ORGANIZATIONNAME = mrCrambo;
				TargetAttributes = {
					8629D6C52347CBBE00560B88 = {
						CreatedOnToolsVersion = 11.0;
					};
				};
			};
			buildConfigurationList = 8629D6C12347CBBE00560B88 /* Build configuration list for PBXProject "CardViewUI" */;
			compatibilityVersion = "Xcode 9.3";
			developmentRegion = en;
			hasScannedForEncodings = 0;
			knownRegions = (
				en,
				Base,
			);
			mainGroup = 8629D6BD2347CBBE00560B88;
			productRefGroup = 8629D6C72347CBBF00560B88 /* Products */;
			projectDirPath = "";
			projectRoot = "";
			targets = (
				8629D6C52347CBBE00560B88 /* CardViewUI */,
			);
		};
/* End PBXProject section */

/* Begin PBXResourcesBuildPhase section */
		8629D6C42347CBBE00560B88 /* Resources */ = {
			isa = PBXResourcesBuildPhase;
			buildActionMask = 2147483647;
			files = (
				8629D6D62347CBC100560B88 /* LaunchScreen.storyboard in Resources */,
				8629D6D32347CBC100560B88 /* Assets.xcassets in Resources */,
				8629D6D12347CBBF00560B88 /* Main.storyboard in Resources */,
			);
			runOnlyForDeploymentPostprocessing = 0;
		};
/* End PBXResourcesBuildPhase section */

/* Begin PBXShellScriptBuildPhase section */
		A4A5817F60D9137C9B5D6DC3 /* [CP] Embed Pods Frameworks */ = {
			isa = PBXShellScriptBuildPhase;
			buildActionMask = 2147483647;
			files = (
			);
			inputFileListPaths = (
				"${PODS_ROOT}/Target Support Files/Pods-CardViewUI/Pods-CardViewUI-frameworks-${CONFIGURATION}-input-files.xcfilelist",
			);
			name = "[CP] Embed Pods Frameworks";
			outputFileListPaths = (
				"${PODS_ROOT}/Target Support Files/Pods-CardViewUI/Pods-CardViewUI-frameworks-${CONFIGURATION}-output-files.xcfilelist",
			);
			runOnlyForDeploymentPostprocessing = 0;
			shellPath = /bin/sh;
			shellScript = "\"${PODS_ROOT}/Target Support Files/Pods-CardViewUI/Pods-CardViewUI-frameworks.sh\"\n";
			showEnvVarsInLog = 0;
		};
		DF6809F13F93DD08E1CEBA0A /* [CP] Check Pods Manifest.lock */ = {
			isa = PBXShellScriptBuildPhase;
			buildActionMask = 2147483647;
			files = (
			);
			inputFileListPaths = (
			);
			inputPaths = (
				"${PODS_PODFILE_DIR_PATH}/Podfile.lock",
				"${PODS_ROOT}/Manifest.lock",
			);
			name = "[CP] Check Pods Manifest.lock";
			outputFileListPaths = (
			);
			outputPaths = (
				"$(DERIVED_FILE_DIR)/Pods-CardViewUI-checkManifestLockResult.txt",
			);
			runOnlyForDeploymentPostprocessing = 0;
			shellPath = /bin/sh;
			shellScript = "diff \"${PODS_PODFILE_DIR_PATH}/Podfile.lock\" \"${PODS_ROOT}/Manifest.lock\" > /dev/null\nif [ $? != 0 ] ; then\n    # print error to STDERR\n    echo \"error: The sandbox is not in sync with the Podfile.lock. Run 'pod install' or update your CocoaPods installation.\" >&2\n    exit 1\nfi\n# This output is used by Xcode 'outputs' to avoid re-running this script phase.\necho \"SUCCESS\" > \"${SCRIPT_OUTPUT_FILE_0}\"\n";
			showEnvVarsInLog = 0;
		};
/* End PBXShellScriptBuildPhase section */

/* Begin PBXSourcesBuildPhase section */
		8629D6C22347CBBE00560B88 /* Sources */ = {
			isa = PBXSourcesBuildPhase;
			buildActionMask = 2147483647;
			files = (
				8629D6CE2347CBBF00560B88 /* ViewController.swift in Sources */,
				8629D6CA2347CBBF00560B88 /* AppDelegate.swift in Sources */,
				8629D6CC2347CBBF00560B88 /* SceneDelegate.swift in Sources */,
			);
			runOnlyForDeploymentPostprocessing = 0;
		};
/* End PBXSourcesBuildPhase section */

/* Begin PBXVariantGroup section */
		8629D6CF2347CBBF00560B88 /* Main.storyboard */ = {
			isa = PBXVariantGroup;
			children = (
				8629D6D02347CBBF00560B88 /* Base */,
			);
			name = Main.storyboard;
			sourceTree = "<group>";
		};
		8629D6D42347CBC100560B88 /* LaunchScreen.storyboard */ = {
			isa = PBXVariantGroup;
			children = (
				8629D6D52347CBC100560B88 /* Base */,
			);
			name = LaunchScreen.storyboard;
			sourceTree = "<group>";
		};
/* End PBXVariantGroup section */

/* Begin XCBuildConfiguration section */
		8629D6D82347CBC100560B88 /* Debug */ = {
			isa = XCBuildConfiguration;
			buildSettings = {
				ALWAYS_SEARCH_USER_PATHS = NO;
				CLANG_ANALYZER_NONNULL = YES;
				CLANG_ANALYZER_NUMBER_OBJECT_CONVERSION = YES_AGGRESSIVE;
				CLANG_CXX_LANGUAGE_STANDARD = "gnu++14";
				CLANG_CXX_LIBRARY = "libc++";
				CLANG_ENABLE_MODULES = YES;
				CLANG_ENABLE_OBJC_ARC = YES;
				CLANG_ENABLE_OBJC_WEAK = YES;
				CLANG_WARN_BLOCK_CAPTURE_AUTORELEASING = YES;
				CLANG_WARN_BOOL_CONVERSION = YES;
				CLANG_WARN_COMMA = YES;
				CLANG_WARN_CONSTANT_CONVERSION = YES;
				CLANG_WARN_DEPRECATED_OBJC_IMPLEMENTATIONS = YES;
				CLANG_WARN_DIRECT_OBJC_ISA_USAGE = YES_ERROR;
				CLANG_WARN_DOCUMENTATION_COMMENTS = YES;
				CLANG_WARN_EMPTY_BODY = YES;
				CLANG_WARN_ENUM_CONVERSION = YES;
				CLANG_WARN_INFINITE_RECURSION = YES;
				CLANG_WARN_INT_CONVERSION = YES;
				CLANG_WARN_NON_LITERAL_NULL_CONVERSION = YES;
				CLANG_WARN_OBJC_IMPLICIT_RETAIN_SELF = YES;
				CLANG_WARN_OBJC_LITERAL_CONVERSION = YES;
				CLANG_WARN_OBJC_ROOT_CLASS = YES_ERROR;
				CLANG_WARN_RANGE_LOOP_ANALYSIS = YES;
				CLANG_WARN_STRICT_PROTOTYPES = YES;
				CLANG_WARN_SUSPICIOUS_MOVE = YES;
				CLANG_WARN_UNGUARDED_AVAILABILITY = YES_AGGRESSIVE;
				CLANG_WARN_UNREACHABLE_CODE = YES;
				CLANG_WARN__DUPLICATE_METHOD_MATCH = YES;
				COPY_PHASE_STRIP = NO;
				DEBUG_INFORMATION_FORMAT = dwarf;
				ENABLE_STRICT_OBJC_MSGSEND = YES;
				ENABLE_TESTABILITY = YES;
				GCC_C_LANGUAGE_STANDARD = gnu11;
				GCC_DYNAMIC_NO_PIC = NO;
				GCC_NO_COMMON_BLOCKS = YES;
				GCC_OPTIMIZATION_LEVEL = 0;
				GCC_PREPROCESSOR_DEFINITIONS = (
					"DEBUG=1",
					"$(inherited)",
				);
				GCC_WARN_64_TO_32_BIT_CONVERSION = YES;
				GCC_WARN_ABOUT_RETURN_TYPE = YES_ERROR;
				GCC_WARN_UNDECLARED_SELECTOR = YES;
				GCC_WARN_UNINITIALIZED_AUTOS = YES_AGGRESSIVE;
				GCC_WARN_UNUSED_FUNCTION = YES;
				GCC_WARN_UNUSED_VARIABLE = YES;
				IPHONEOS_DEPLOYMENT_TARGET = 13.0;
				MTL_ENABLE_DEBUG_INFO = INCLUDE_SOURCE;
				MTL_FAST_MATH = YES;
				ONLY_ACTIVE_ARCH = YES;
				SDKROOT = iphoneos;
				SWIFT_ACTIVE_COMPILATION_CONDITIONS = DEBUG;
				SWIFT_OPTIMIZATION_LEVEL = "-Onone";
			};
			name = Debug;
		};
		8629D6D92347CBC100560B88 /* Release */ = {
			isa = XCBuildConfiguration;
			buildSettings = {
				ALWAYS_SEARCH_USER_PATHS = NO;
				CLANG_ANALYZER_NONNULL = YES;
				CLANG_ANALYZER_NUMBER_OBJECT_CONVERSION = YES_AGGRESSIVE;
				CLANG_CXX_LANGUAGE_STANDARD = "gnu++14";
				CLANG_CXX_LIBRARY = "libc++";
				CLANG_ENABLE_MODULES = YES;
				CLANG_ENABLE_OBJC_ARC = YES;
				CLANG_ENABLE_OBJC_WEAK = YES;
				CLANG_WARN_BLOCK_CAPTURE_AUTORELEASING = YES;
				CLANG_WARN_BOOL_CONVERSION = YES;
				CLANG_WARN_COMMA = YES;
				CLANG_WARN_CONSTANT_CONVERSION = YES;
				CLANG_WARN_DEPRECATED_OBJC_IMPLEMENTATIONS = YES;
				CLANG_WARN_DIRECT_OBJC_ISA_USAGE = YES_ERROR;
				CLANG_WARN_DOCUMENTATION_COMMENTS = YES;
				CLANG_WARN_EMPTY_BODY = YES;
				CLANG_WARN_ENUM_CONVERSION = YES;
				CLANG_WARN_INFINITE_RECURSION = YES;
				CLANG_WARN_INT_CONVERSION = YES;
				CLANG_WARN_NON_LITERAL_NULL_CONVERSION = YES;
				CLANG_WARN_OBJC_IMPLICIT_RETAIN_SELF = YES;
				CLANG_WARN_OBJC_LITERAL_CONVERSION = YES;
				CLANG_WARN_OBJC_ROOT_CLASS = YES_ERROR;
				CLANG_WARN_RANGE_LOOP_ANALYSIS = YES;
				CLANG_WARN_STRICT_PROTOTYPES = YES;
				CLANG_WARN_SUSPICIOUS_MOVE = YES;
				CLANG_WARN_UNGUARDED_AVAILABILITY = YES_AGGRESSIVE;
				CLANG_WARN_UNREACHABLE_CODE = YES;
				CLANG_WARN__DUPLICATE_METHOD_MATCH = YES;
				COPY_PHASE_STRIP = NO;
				DEBUG_INFORMATION_FORMAT = "dwarf-with-dsym";
				ENABLE_NS_ASSERTIONS = NO;
				ENABLE_STRICT_OBJC_MSGSEND = YES;
				GCC_C_LANGUAGE_STANDARD = gnu11;
				GCC_NO_COMMON_BLOCKS = YES;
				GCC_WARN_64_TO_32_BIT_CONVERSION = YES;
				GCC_WARN_ABOUT_RETURN_TYPE = YES_ERROR;
				GCC_WARN_UNDECLARED_SELECTOR = YES;
				GCC_WARN_UNINITIALIZED_AUTOS = YES_AGGRESSIVE;
				GCC_WARN_UNUSED_FUNCTION = YES;
				GCC_WARN_UNUSED_VARIABLE = YES;
				IPHONEOS_DEPLOYMENT_TARGET = 13.0;
				MTL_ENABLE_DEBUG_INFO = NO;
				MTL_FAST_MATH = YES;
				SDKROOT = iphoneos;
				SWIFT_COMPILATION_MODE = wholemodule;
				SWIFT_OPTIMIZATION_LEVEL = "-O";
				VALIDATE_PRODUCT = YES;
			};
			name = Release;
		};
		8629D6DB2347CBC100560B88 /* Debug */ = {
			isa = XCBuildConfiguration;
			baseConfigurationReference = 2B44A1B9CBFE53FFBBC20BB6 /* Pods-CardViewUI.debug.xcconfig */;
			buildSettings = {
				ASSETCATALOG_COMPILER_APPICON_NAME = AppIcon;
				CODE_SIGN_STYLE = Automatic;
				DEVELOPMENT_TEAM = 69U5M84REV;
				INFOPLIST_FILE = CardViewUI/Info.plist;
				LD_RUNPATH_SEARCH_PATHS = (
					"$(inherited)",
					"@executable_path/Frameworks",
				);
				PRODUCT_BUNDLE_IDENTIFIER = mrcrambo.card;
				PRODUCT_NAME = CardViewUI;
				SWIFT_VERSION = 5.0;
				TARGETED_DEVICE_FAMILY = "1,2";
			};
			name = Debug;
		};
		8629D6DC2347CBC100560B88 /* Release */ = {
			isa = XCBuildConfiguration;
			baseConfigurationReference = E74DD2C3C19435D63EA60D3C /* Pods-CardViewUI.release.xcconfig */;
			buildSettings = {
				ASSETCATALOG_COMPILER_APPICON_NAME = AppIcon;
				CODE_SIGN_STYLE = Automatic;
				DEVELOPMENT_TEAM = 69U5M84REV;
				INFOPLIST_FILE = CardViewUI/Info.plist;
				LD_RUNPATH_SEARCH_PATHS = (
					"$(inherited)",
					"@executable_path/Frameworks",
				);
				PRODUCT_BUNDLE_IDENTIFIER = mrcrambo.card;
				PRODUCT_NAME = CardViewUI;
				SWIFT_VERSION = 5.0;
				TARGETED_DEVICE_FAMILY = "1,2";
			};
			name = Release;
		};
/* End XCBuildConfiguration section */

/* Begin XCConfigurationList section */
		8629D6C12347CBBE00560B88 /* Build configuration list for PBXProject "CardViewUI" */ = {
			isa = XCConfigurationList;
			buildConfigurations = (
				8629D6D82347CBC100560B88 /* Debug */,
				8629D6D92347CBC100560B88 /* Release */,
			);
			defaultConfigurationIsVisible = 0;
			defaultConfigurationName = Release;
		};
		8629D6DA2347CBC100560B88 /* Build configuration list for PBXNativeTarget "CardViewUI" */ = {
			isa = XCConfigurationList;
			buildConfigurations = (
				8629D6DB2347CBC100560B88 /* Debug */,
				8629D6DC2347CBC100560B88 /* Release */,
			);
			defaultConfigurationIsVisible = 0;
			defaultConfigurationName = Release;
		};
/* End XCConfigurationList section */
	};
	rootObject = 8629D6BE2347CBBE00560B88 /* Project object */;
}
