// !$*UTF8*$!
{
	archiveVersion = 1;
	classes = {
	};
	objectVersion = 50;
	objects = {

/* Begin PBXBuildFile section */
		737583B92A6CB797E260ED11 /* Pods_FaceMarks.framework in Frameworks */ = {isa = PBXBuildFile; fileRef = 93FE012EFE9DB9550F77A6BC /* Pods_FaceMarks.framework */; };
		86712A7E2350E8BE008EF6CA /* AppDelegate.swift in Sources */ = {isa = PBXBuildFile; fileRef = 86712A7D2350E8BD008EF6CA /* AppDelegate.swift */; };
		86712A802350E8BE008EF6CA /* SceneDelegate.swift in Sources */ = {isa = PBXBuildFile; fileRef = 86712A7F2350E8BE008EF6CA /* SceneDelegate.swift */; };
		86712A822350E8BE008EF6CA /* ViewController.swift in Sources */ = {isa = PBXBuildFile; fileRef = 86712A812350E8BE008EF6CA /* ViewController.swift */; };
		86712A852350E8BE008EF6CA /* Main.storyboard in Resources */ = {isa = PBXBuildFile; fileRef = 86712A832350E8BE008EF6CA /* Main.storyboard */; };
		86712A872350E8BF008EF6CA /* Assets.xcassets in Resources */ = {isa = PBXBuildFile; fileRef = 86712A862350E8BF008EF6CA /* Assets.xcassets */; };
		86712A8A2350E8BF008EF6CA /* LaunchScreen.storyboard in Resources */ = {isa = PBXBuildFile; fileRef = 86712A882350E8BF008EF6CA /* LaunchScreen.storyboard */; };
/* End PBXBuildFile section */

/* Begin PBXFileReference section */
		86712A7A2350E8BD008EF6CA /* FaceMarks.app */ = {isa = PBXFileReference; explicitFileType = wrapper.application; includeInIndex = 0; path = FaceMarks.app; sourceTree = BUILT_PRODUCTS_DIR; };
		86712A7D2350E8BD008EF6CA /* AppDelegate.swift */ = {isa = PBXFileReference; lastKnownFileType = sourcecode.swift; path = AppDelegate.swift; sourceTree = "<group>"; };
		86712A7F2350E8BE008EF6CA /* SceneDelegate.swift */ = {isa = PBXFileReference; lastKnownFileType = sourcecode.swift; path = SceneDelegate.swift; sourceTree = "<group>"; };
		86712A812350E8BE008EF6CA /* ViewController.swift */ = {isa = PBXFileReference; lastKnownFileType = sourcecode.swift; path = ViewController.swift; sourceTree = "<group>"; };
		86712A842350E8BE008EF6CA /* Base */ = {isa = PBXFileReference; lastKnownFileType = file.storyboard; name = Base; path = Base.lproj/Main.storyboard; sourceTree = "<group>"; };
		86712A862350E8BF008EF6CA /* Assets.xcassets */ = {isa = PBXFileReference; lastKnownFileType = folder.assetcatalog; path = Assets.xcassets; sourceTree = "<group>"; };
		86712A892350E8BF008EF6CA /* Base */ = {isa = PBXFileReference; lastKnownFileType = file.storyboard; name = Base; path = Base.lproj/LaunchScreen.storyboard; sourceTree = "<group>"; };
		86712A8B2350E8BF008EF6CA /* Info.plist */ = {isa = PBXFileReference; lastKnownFileType = text.plist.xml; path = Info.plist; sourceTree = "<group>"; };
		93FE012EFE9DB9550F77A6BC /* Pods_FaceMarks.framework */ = {isa = PBXFileReference; explicitFileType = wrapper.framework; includeInIndex = 0; path = Pods_FaceMarks.framework; sourceTree = BUILT_PRODUCTS_DIR; };
		A3681BB30A51CD7FD89AFD44 /* Pods-FaceMarks.release.xcconfig */ = {isa = PBXFileReference; includeInIndex = 1; lastKnownFileType = text.xcconfig; name = "Pods-FaceMarks.release.xcconfig"; path = "Target Support Files/Pods-FaceMarks/Pods-FaceMarks.release.xcconfig"; sourceTree = "<group>"; };
		F6CA12E9269EAD07ED42B8B6 /* Pods-FaceMarks.debug.xcconfig */ = {isa = PBXFileReference; includeInIndex = 1; lastKnownFileType = text.xcconfig; name = "Pods-FaceMarks.debug.xcconfig"; path = "Target Support Files/Pods-FaceMarks/Pods-FaceMarks.debug.xcconfig"; sourceTree = "<group>"; };
/* End PBXFileReference section */

/* Begin PBXFrameworksBuildPhase section */
		86712A772350E8BD008EF6CA /* Frameworks */ = {
			isa = PBXFrameworksBuildPhase;
			buildActionMask = 2147483647;
			files = (
				737583B92A6CB797E260ED11 /* Pods_FaceMarks.framework in Frameworks */,
			);
			runOnlyForDeploymentPostprocessing = 0;
		};
/* End PBXFrameworksBuildPhase section */

/* Begin PBXGroup section */
		0D93807BEF1C4DE43F425C5D /* Frameworks */ = {
			isa = PBXGroup;
			children = (
				93FE012EFE9DB9550F77A6BC /* Pods_FaceMarks.framework */,
			);
			name = Frameworks;
			sourceTree = "<group>";
		};
		6FC82C2BEE6686BA7AF46977 /* Pods */ = {
			isa = PBXGroup;
			children = (
				F6CA12E9269EAD07ED42B8B6 /* Pods-FaceMarks.debug.xcconfig */,
				A3681BB30A51CD7FD89AFD44 /* Pods-FaceMarks.release.xcconfig */,
			);
			name = Pods;
			path = Pods;
			sourceTree = "<group>";
		};
		86712A712350E8BD008EF6CA = {
			isa = PBXGroup;
			children = (
				86712A7C2350E8BD008EF6CA /* FaceMarks */,
				86712A7B2350E8BD008EF6CA /* Products */,
				6FC82C2BEE6686BA7AF46977 /* Pods */,
				0D93807BEF1C4DE43F425C5D /* Frameworks */,
			);
			sourceTree = "<group>";
		};
		86712A7B2350E8BD008EF6CA /* Products */ = {
			isa = PBXGroup;
			children = (
				86712A7A2350E8BD008EF6CA /* FaceMarks.app */,
			);
			name = Products;
			sourceTree = "<group>";
		};
		86712A7C2350E8BD008EF6CA /* FaceMarks */ = {
			isa = PBXGroup;
			children = (
				86712A7D2350E8BD008EF6CA /* AppDelegate.swift */,
				86712A7F2350E8BE008EF6CA /* SceneDelegate.swift */,
				86712A812350E8BE008EF6CA /* ViewController.swift */,
				86712A832350E8BE008EF6CA /* Main.storyboard */,
				86712A862350E8BF008EF6CA /* Assets.xcassets */,
				86712A882350E8BF008EF6CA /* LaunchScreen.storyboard */,
				86712A8B2350E8BF008EF6CA /* Info.plist */,
			);
			path = FaceMarks;
			sourceTree = "<group>";
		};
/* End PBXGroup section */

/* Begin PBXNativeTarget section */
		86712A792350E8BD008EF6CA /* FaceMarks */ = {
			isa = PBXNativeTarget;
			buildConfigurationList = 86712A8E2350E8BF008EF6CA /* Build configuration list for PBXNativeTarget "FaceMarks" */;
			buildPhases = (
				01D129583F301C8563D61226 /* [CP] Check Pods Manifest.lock */,
				86712A762350E8BD008EF6CA /* Sources */,
				86712A772350E8BD008EF6CA /* Frameworks */,
				86712A782350E8BD008EF6CA /* Resources */,
				927BB62FD6DDEF2252930C25 /* [CP] Embed Pods Frameworks */,
			);
			buildRules = (
			);
			dependencies = (
			);
			name = FaceMarks;
			productName = FaceMarks;
			productReference = 86712A7A2350E8BD008EF6CA /* FaceMarks.app */;
			productType = "com.apple.product-type.application";
		};
/* End PBXNativeTarget section */

/* Begin PBXProject section */
		86712A722350E8BD008EF6CA /* Project object */ = {
			isa = PBXProject;
			attributes = {
				LastSwiftUpdateCheck = 1100;
				LastUpgradeCheck = 1100;
				ORGANIZATIONNAME = mrCrambo;
				TargetAttributes = {
					86712A792350E8BD008EF6CA = {
						CreatedOnToolsVersion = 11.0;
					};
				};
			};
			buildConfigurationList = 86712A752350E8BD008EF6CA /* Build configuration list for PBXProject "FaceMarks" */;
			compatibilityVersion = "Xcode 9.3";
			developmentRegion = en;
			hasScannedForEncodings = 0;
			knownRegions = (
				en,
				Base,
			);
			mainGroup = 86712A712350E8BD008EF6CA;
			productRefGroup = 86712A7B2350E8BD008EF6CA /* Products */;
			projectDirPath = "";
			projectRoot = "";
			targets = (
				86712A792350E8BD008EF6CA /* FaceMarks */,
			);
		};
/* End PBXProject section */

/* Begin PBXResourcesBuildPhase section */
		86712A782350E8BD008EF6CA /* Resources */ = {
			isa = PBXResourcesBuildPhase;
			buildActionMask = 2147483647;
			files = (
				86712A8A2350E8BF008EF6CA /* LaunchScreen.storyboard in Resources */,
				86712A872350E8BF008EF6CA /* Assets.xcassets in Resources */,
				86712A852350E8BE008EF6CA /* Main.storyboard in Resources */,
			);
			runOnlyForDeploymentPostprocessing = 0;
		};
/* End PBXResourcesBuildPhase section */

/* Begin PBXShellScriptBuildPhase section */
		01D129583F301C8563D61226 /* [CP] Check Pods Manifest.lock */ = {
			isa = PBXShellScriptBuildPhase;
			buildActionMask = 2147483647;
			files = (
			);
			inputFileListPaths = (
			);
			inputPaths = (
				"${PODS_PODFILE_DIR_PATH}/Podfile.lock",
				"${PODS_ROOT}/Manifest.lock",
			);
			name = "[CP] Check Pods Manifest.lock";
			outputFileListPaths = (
			);
			outputPaths = (
				"$(DERIVED_FILE_DIR)/Pods-FaceMarks-checkManifestLockResult.txt",
			);
			runOnlyForDeploymentPostprocessing = 0;
			shellPath = /bin/sh;
			shellScript = "diff \"${PODS_PODFILE_DIR_PATH}/Podfile.lock\" \"${PODS_ROOT}/Manifest.lock\" > /dev/null\nif [ $? != 0 ] ; then\n    # print error to STDERR\n    echo \"error: The sandbox is not in sync with the Podfile.lock. Run 'pod install' or update your CocoaPods installation.\" >&2\n    exit 1\nfi\n# This output is used by Xcode 'outputs' to avoid re-running this script phase.\necho \"SUCCESS\" > \"${SCRIPT_OUTPUT_FILE_0}\"\n";
			showEnvVarsInLog = 0;
		};
		927BB62FD6DDEF2252930C25 /* [CP] Embed Pods Frameworks */ = {
			isa = PBXShellScriptBuildPhase;
			buildActionMask = 2147483647;
			files = (
			);
			inputFileListPaths = (
				"${PODS_ROOT}/Target Support Files/Pods-FaceMarks/Pods-FaceMarks-frameworks-${CONFIGURATION}-input-files.xcfilelist",
			);
			name = "[CP] Embed Pods Frameworks";
			outputFileListPaths = (
				"${PODS_ROOT}/Target Support Files/Pods-FaceMarks/Pods-FaceMarks-frameworks-${CONFIGURATION}-output-files.xcfilelist",
			);
			runOnlyForDeploymentPostprocessing = 0;
			shellPath = /bin/sh;
			shellScript = "\"${PODS_ROOT}/Target Support Files/Pods-FaceMarks/Pods-FaceMarks-frameworks.sh\"\n";
			showEnvVarsInLog = 0;
		};
/* End PBXShellScriptBuildPhase section */

/* Begin PBXSourcesBuildPhase section */
		86712A762350E8BD008EF6CA /* Sources */ = {
			isa = PBXSourcesBuildPhase;
			buildActionMask = 2147483647;
			files = (
				86712A822350E8BE008EF6CA /* ViewController.swift in Sources */,
				86712A7E2350E8BE008EF6CA /* AppDelegate.swift in Sources */,
				86712A802350E8BE008EF6CA /* SceneDelegate.swift in Sources */,
			);
			runOnlyForDeploymentPostprocessing = 0;
		};
/* End PBXSourcesBuildPhase section */

/* Begin PBXVariantGroup section */
		86712A832350E8BE008EF6CA /* Main.storyboard */ = {
			isa = PBXVariantGroup;
			children = (
				86712A842350E8BE008EF6CA /* Base */,
			);
			name = Main.storyboard;
			sourceTree = "<group>";
		};
		86712A882350E8BF008EF6CA /* LaunchScreen.storyboard */ = {
			isa = PBXVariantGroup;
			children = (
				86712A892350E8BF008EF6CA /* Base */,
			);
			name = LaunchScreen.storyboard;
			sourceTree = "<group>";
		};
/* End PBXVariantGroup section */

/* Begin XCBuildConfiguration section */
		86712A8C2350E8BF008EF6CA /* Debug */ = {
			isa = XCBuildConfiguration;
			buildSettings = {
				ALWAYS_SEARCH_USER_PATHS = NO;
				CLANG_ANALYZER_NONNULL = YES;
				CLANG_ANALYZER_NUMBER_OBJECT_CONVERSION = YES_AGGRESSIVE;
				CLANG_CXX_LANGUAGE_STANDARD = "gnu++14";
				CLANG_CXX_LIBRARY = "libc++";
				CLANG_ENABLE_MODULES = YES;
				CLANG_ENABLE_OBJC_ARC = YES;
				CLANG_ENABLE_OBJC_WEAK = YES;
				CLANG_WARN_BLOCK_CAPTURE_AUTORELEASING = YES;
				CLANG_WARN_BOOL_CONVERSION = YES;
				CLANG_WARN_COMMA = YES;
				CLANG_WARN_CONSTANT_CONVERSION = YES;
				CLANG_WARN_DEPRECATED_OBJC_IMPLEMENTATIONS = YES;
				CLANG_WARN_DIRECT_OBJC_ISA_USAGE = YES_ERROR;
				CLANG_WARN_DOCUMENTATION_COMMENTS = YES;
				CLANG_WARN_EMPTY_BODY = YES;
				CLANG_WARN_ENUM_CONVERSION = YES;
				CLANG_WARN_INFINITE_RECURSION = YES;
				CLANG_WARN_INT_CONVERSION = YES;
				CLANG_WARN_NON_LITERAL_NULL_CONVERSION = YES;
				CLANG_WARN_OBJC_IMPLICIT_RETAIN_SELF = YES;
				CLANG_WARN_OBJC_LITERAL_CONVERSION = YES;
				CLANG_WARN_OBJC_ROOT_CLASS = YES_ERROR;
				CLANG_WARN_RANGE_LOOP_ANALYSIS = YES;
				CLANG_WARN_STRICT_PROTOTYPES = YES;
				CLANG_WARN_SUSPICIOUS_MOVE = YES;
				CLANG_WARN_UNGUARDED_AVAILABILITY = YES_AGGRESSIVE;
				CLANG_WARN_UNREACHABLE_CODE = YES;
				CLANG_WARN__DUPLICATE_METHOD_MATCH = YES;
				COPY_PHASE_STRIP = NO;
				DEBUG_INFORMATION_FORMAT = dwarf;
				ENABLE_STRICT_OBJC_MSGSEND = YES;
				ENABLE_TESTABILITY = YES;
				GCC_C_LANGUAGE_STANDARD = gnu11;
				GCC_DYNAMIC_NO_PIC = NO;
				GCC_NO_COMMON_BLOCKS = YES;
				GCC_OPTIMIZATION_LEVEL = 0;
				GCC_PREPROCESSOR_DEFINITIONS = (
					"DEBUG=1",
					"$(inherited)",
				);
				GCC_WARN_64_TO_32_BIT_CONVERSION = YES;
				GCC_WARN_ABOUT_RETURN_TYPE = YES_ERROR;
				GCC_WARN_UNDECLARED_SELECTOR = YES;
				GCC_WARN_UNINITIALIZED_AUTOS = YES_AGGRESSIVE;
				GCC_WARN_UNUSED_FUNCTION = YES;
				GCC_WARN_UNUSED_VARIABLE = YES;
				IPHONEOS_DEPLOYMENT_TARGET = 13.0;
				MTL_ENABLE_DEBUG_INFO = INCLUDE_SOURCE;
				MTL_FAST_MATH = YES;
				ONLY_ACTIVE_ARCH = YES;
				SDKROOT = iphoneos;
				SWIFT_ACTIVE_COMPILATION_CONDITIONS = DEBUG;
				SWIFT_OPTIMIZATION_LEVEL = "-Onone";
			};
			name = Debug;
		};
		86712A8D2350E8BF008EF6CA /* Release */ = {
			isa = XCBuildConfiguration;
			buildSettings = {
				ALWAYS_SEARCH_USER_PATHS = NO;
				CLANG_ANALYZER_NONNULL = YES;
				CLANG_ANALYZER_NUMBER_OBJECT_CONVERSION = YES_AGGRESSIVE;
				CLANG_CXX_LANGUAGE_STANDARD = "gnu++14";
				CLANG_CXX_LIBRARY = "libc++";
				CLANG_ENABLE_MODULES = YES;
				CLANG_ENABLE_OBJC_ARC = YES;
				CLANG_ENABLE_OBJC_WEAK = YES;
				CLANG_WARN_BLOCK_CAPTURE_AUTORELEASING = YES;
				CLANG_WARN_BOOL_CONVERSION = YES;
				CLANG_WARN_COMMA = YES;
				CLANG_WARN_CONSTANT_CONVERSION = YES;
				CLANG_WARN_DEPRECATED_OBJC_IMPLEMENTATIONS = YES;
				CLANG_WARN_DIRECT_OBJC_ISA_USAGE = YES_ERROR;
				CLANG_WARN_DOCUMENTATION_COMMENTS = YES;
				CLANG_WARN_EMPTY_BODY = YES;
				CLANG_WARN_ENUM_CONVERSION = YES;
				CLANG_WARN_INFINITE_RECURSION = YES;
				CLANG_WARN_INT_CONVERSION = YES;
				CLANG_WARN_NON_LITERAL_NULL_CONVERSION = YES;
				CLANG_WARN_OBJC_IMPLICIT_RETAIN_SELF = YES;
				CLANG_WARN_OBJC_LITERAL_CONVERSION = YES;
				CLANG_WARN_OBJC_ROOT_CLASS = YES_ERROR;
				CLANG_WARN_RANGE_LOOP_ANALYSIS = YES;
				CLANG_WARN_STRICT_PROTOTYPES = YES;
				CLANG_WARN_SUSPICIOUS_MOVE = YES;
				CLANG_WARN_UNGUARDED_AVAILABILITY = YES_AGGRESSIVE;
				CLANG_WARN_UNREACHABLE_CODE = YES;
				CLANG_WARN__DUPLICATE_METHOD_MATCH = YES;
				COPY_PHASE_STRIP = NO;
				DEBUG_INFORMATION_FORMAT = "dwarf-with-dsym";
				ENABLE_NS_ASSERTIONS = NO;
				ENABLE_STRICT_OBJC_MSGSEND = YES;
				GCC_C_LANGUAGE_STANDARD = gnu11;
				GCC_NO_COMMON_BLOCKS = YES;
				GCC_WARN_64_TO_32_BIT_CONVERSION = YES;
				GCC_WARN_ABOUT_RETURN_TYPE = YES_ERROR;
				GCC_WARN_UNDECLARED_SELECTOR = YES;
				GCC_WARN_UNINITIALIZED_AUTOS = YES_AGGRESSIVE;
				GCC_WARN_UNUSED_FUNCTION = YES;
				GCC_WARN_UNUSED_VARIABLE = YES;
				IPHONEOS_DEPLOYMENT_TARGET = 13.0;
				MTL_ENABLE_DEBUG_INFO = NO;
				MTL_FAST_MATH = YES;
				SDKROOT = iphoneos;
				SWIFT_COMPILATION_MODE = wholemodule;
				SWIFT_OPTIMIZATION_LEVEL = "-O";
				VALIDATE_PRODUCT = YES;
			};
			name = Release;
		};
		86712A8F2350E8BF008EF6CA /* Debug */ = {
			isa = XCBuildConfiguration;
			baseConfigurationReference = F6CA12E9269EAD07ED42B8B6 /* Pods-FaceMarks.debug.xcconfig */;
			buildSettings = {
				ASSETCATALOG_COMPILER_APPICON_NAME = AppIcon;
				CODE_SIGN_STYLE = Automatic;
				DEVELOPMENT_TEAM = 69U5M84REV;
				INFOPLIST_FILE = FaceMarks/Info.plist;
				LD_RUNPATH_SEARCH_PATHS = (
					"$(inherited)",
					"@executable_path/Frameworks",
				);
				PRODUCT_BUNDLE_IDENTIFIER = mrcrambo.FaceMarks;
				PRODUCT_NAME = "$(TARGET_NAME)";
				SWIFT_VERSION = 5.0;
				TARGETED_DEVICE_FAMILY = 1;
			};
			name = Debug;
		};
		86712A902350E8BF008EF6CA /* Release */ = {
			isa = XCBuildConfiguration;
			baseConfigurationReference = A3681BB30A51CD7FD89AFD44 /* Pods-FaceMarks.release.xcconfig */;
			buildSettings = {
				ASSETCATALOG_COMPILER_APPICON_NAME = AppIcon;
				CODE_SIGN_STYLE = Automatic;
				DEVELOPMENT_TEAM = 69U5M84REV;
				INFOPLIST_FILE = FaceMarks/Info.plist;
				LD_RUNPATH_SEARCH_PATHS = (
					"$(inherited)",
					"@executable_path/Frameworks",
				);
				PRODUCT_BUNDLE_IDENTIFIER = mrcrambo.FaceMarks;
				PRODUCT_NAME = "$(TARGET_NAME)";
				SWIFT_VERSION = 5.0;
				TARGETED_DEVICE_FAMILY = 1;
			};
			name = Release;
		};
/* End XCBuildConfiguration section */

/* Begin XCConfigurationList section */
		86712A752350E8BD008EF6CA /* Build configuration list for PBXProject "FaceMarks" */ = {
			isa = XCConfigurationList;
			buildConfigurations = (
				86712A8C2350E8BF008EF6CA /* Debug */,
				86712A8D2350E8BF008EF6CA /* Release */,
			);
			defaultConfigurationIsVisible = 0;
			defaultConfigurationName = Release;
		};
		86712A8E2350E8BF008EF6CA /* Build configuration list for PBXNativeTarget "FaceMarks" */ = {
			isa = XCConfigurationList;
			buildConfigurations = (
				86712A8F2350E8BF008EF6CA /* Debug */,
				86712A902350E8BF008EF6CA /* Release */,
			);
			defaultConfigurationIsVisible = 0;
			defaultConfigurationName = Release;
		};
/* End XCConfigurationList section */
	};
	rootObject = 86712A722350E8BD008EF6CA /* Project object */;
}
